
Microsoft Visual Studio Solution File, Format Version 12.00
# Visual Studio Version 16
VisualStudioVersion = 16.0.29025.244
MinimumVisualStudioVersion = 10.0.40219.1
Project("{9A19103F-16F7-4668-BE54-9A1E7A4F7556}") = "StudentHousing", "StudentHousing\StudentHousing.csproj", "{7E931F27-E8E7-4DF6-B593-51F859C43635}"
EndProject
Global
	GlobalSection(SolutionConfigurationPlatforms) = preSolution
		Debug|Any CPU = Debug|Any CPU
		Release|Any CPU = Release|Any CPU
	EndGlobalSection
	GlobalSection(ProjectConfigurationPlatforms) = postSolution
		{7E931F27-E8E7-4DF6-B593-51F859C43635}.Debug|Any CPU.ActiveCfg = Debug|Any CPU
		{7E931F27-E8E7-4DF6-B593-51F859C43635}.Debug|Any CPU.Build.0 = Debug|Any CPU
		{7E931F27-E8E7-4DF6-B593-51F859C43635}.Release|Any CPU.ActiveCfg = Release|Any CPU
		{7E931F27-E8E7-4DF6-B593-51F859C43635}.Release|Any CPU.Build.0 = Release|Any CPU
	EndGlobalSection
	GlobalSection(SolutionProperties) = preSolution
		HideSolutionNode = FALSE
	EndGlobalSection
	GlobalSection(ExtensibilityGlobals) = postSolution
		SolutionGuid = {806B4C96-2F9B-4E7E-97A1-7AFFF229F173}
	EndGlobalSection
EndGlobal
